
Microsoft Visual Studio Solution File, Format Version 12.00
# Visual Studio Version 17
VisualStudioVersion = 17.4.33205.214
MinimumVisualStudioVersion = 10.0.40219.1
Project("{9A19103F-16F7-4668-BE54-9A1E7A4F7556}") = "VegetableMarket", "Final.NetC\VegetableMarket.csproj", "{B158968E-DC57-44FC-8C51-CD1584818A85}"
EndProject
Global
	GlobalSection(SolutionConfigurationPlatforms) = preSolution
		Debug|Any CPU = Debug|Any CPU
		Release|Any CPU = Release|Any CPU
	EndGlobalSection
	GlobalSection(ProjectConfigurationPlatforms) = postSolution
		{B158968E-DC57-44FC-8C51-CD1584818A85}.Debug|Any CPU.ActiveCfg = Debug|Any CPU
		{B158968E-DC57-44FC-8C51-CD1584818A85}.Debug|Any CPU.Build.0 = Debug|Any CPU
		{B158968E-DC57-44FC-8C51-CD1584818A85}.Release|Any CPU.ActiveCfg = Release|Any CPU
		{B158968E-DC57-44FC-8C51-CD1584818A85}.Release|Any CPU.Build.0 = Release|Any CPU
	EndGlobalSection
	GlobalSection(SolutionProperties) = preSolution
		HideSolutionNode = FALSE
	EndGlobalSection
	GlobalSection(ExtensibilityGlobals) = postSolution
		SolutionGuid = {7DC86899-EB96-4EAD-B878-8A1790AECD31}
	EndGlobalSection
EndGlobal
